
Microsoft Visual Studio Solution File, Format Version 12.00
# Visual Studio 2013
VisualStudioVersion = 12.0.30723.0
MinimumVisualStudioVersion = 10.0.40219.1
Project("{FAE04EC0-301F-11D3-BF4B-00C04F79EFBC}") = "EchoNest-Sharp", "src\EchoNest-Sharp\EchoNest-Sharp.csproj", "{22E05702-D30B-4A63-A304-DC0F06AFC4F0}"
EndProject
Project("{2150E333-8FDC-42A3-9474-1A3956D46DE8}") = "Solution Items", "Solution Items", "{C6D2259B-7931-4EC5-9AD1-849E9D39A9EA}"
	ProjectSection(SolutionItems) = preProject
		.editorconfig = .editorconfig
		build.cake = build.cake
		build.cmd = build.cmd
		nuspecs\EchoNest-Sharp.nuspec = nuspecs\EchoNest-Sharp.nuspec
		README.md = README.md
	EndProjectSection
EndProject
Project("{FAE04EC0-301F-11D3-BF4B-00C04F79EFBC}") = "EchoNest-Sharp.Shell", "src\EchoNest-Sharp.Shell\EchoNest-Sharp.Shell.csproj", "{B2CCB273-7A1E-4C4E-82B6-AEAA6B592DA3}"
EndProject
Project("{FAE04EC0-301F-11D3-BF4B-00C04F79EFBC}") = "EchoNest-Sharp.Tests", "src\EchoNest-Sharp.Tests\EchoNest-Sharp.Tests.csproj", "{A04F8EE6-593F-4A93-BFCE-64BE8EDD6923}"
EndProject
Global
	GlobalSection(SolutionConfigurationPlatforms) = preSolution
		Debug|Any CPU = Debug|Any CPU
		Release|Any CPU = Release|Any CPU
	EndGlobalSection
	GlobalSection(ProjectConfigurationPlatforms) = postSolution
		{22E05702-D30B-4A63-A304-DC0F06AFC4F0}.Debug|Any CPU.ActiveCfg = Debug|Any CPU
		{22E05702-D30B-4A63-A304-DC0F06AFC4F0}.Debug|Any CPU.Build.0 = Debug|Any CPU
		{22E05702-D30B-4A63-A304-DC0F06AFC4F0}.Release|Any CPU.ActiveCfg = Release|Any CPU
		{22E05702-D30B-4A63-A304-DC0F06AFC4F0}.Release|Any CPU.Build.0 = Release|Any CPU
		{B2CCB273-7A1E-4C4E-82B6-AEAA6B592DA3}.Debug|Any CPU.ActiveCfg = Debug|Any CPU
		{B2CCB273-7A1E-4C4E-82B6-AEAA6B592DA3}.Debug|Any CPU.Build.0 = Debug|Any CPU
		{B2CCB273-7A1E-4C4E-82B6-AEAA6B592DA3}.Release|Any CPU.ActiveCfg = Release|Any CPU
		{B2CCB273-7A1E-4C4E-82B6-AEAA6B592DA3}.Release|Any CPU.Build.0 = Release|Any CPU
		{A04F8EE6-593F-4A93-BFCE-64BE8EDD6923}.Debug|Any CPU.ActiveCfg = Debug|Any CPU
		{A04F8EE6-593F-4A93-BFCE-64BE8EDD6923}.Debug|Any CPU.Build.0 = Debug|Any CPU
		{A04F8EE6-593F-4A93-BFCE-64BE8EDD6923}.Release|Any CPU.ActiveCfg = Release|Any CPU
		{A04F8EE6-593F-4A93-BFCE-64BE8EDD6923}.Release|Any CPU.Build.0 = Release|Any CPU
	EndGlobalSection
	GlobalSection(SolutionProperties) = preSolution
		HideSolutionNode = FALSE
	EndGlobalSection
EndGlobal
